
Microsoft Visual Studio Solution File, Format Version 12.00
# Visual Studio Version 17
VisualStudioVersion = 17.11.35312.102
MinimumVisualStudioVersion = 10.0.40219.1
Project("{9A19103F-16F7-4668-BE54-9A1E7A4F7556}") = "Traffic-Service", "Traffic-Service.csproj", "{12CD0390-C385-467F-80BF-21A61FB06217}"
EndProject
Project("{9A19103F-16F7-4668-BE54-9A1E7A4F7556}") = "SmartCity-App", "..\..\..\provaaa\SmartCity-App\SmartCity-App.csproj", "{5E2E5647-A428-4FB8-B650-29E7709466E1}"
EndProject
Project("{9A19103F-16F7-4668-BE54-9A1E7A4F7556}") = "SmartCityParking", "..\..\..\provaa\SmartCity-App\SmartCityParking\SmartCityParking.csproj", "{01EE40D6-8642-4BD0-9E34-92DEC57C2007}"
EndProject
Global
	GlobalSection(SolutionConfigurationPlatforms) = preSolution
		Debug|Any CPU = Debug|Any CPU
		Release|Any CPU = Release|Any CPU
	EndGlobalSection
	GlobalSection(ProjectConfigurationPlatforms) = postSolution
		{12CD0390-C385-467F-80BF-21A61FB06217}.Debug|Any CPU.ActiveCfg = Debug|Any CPU
		{12CD0390-C385-467F-80BF-21A61FB06217}.Debug|Any CPU.Build.0 = Debug|Any CPU
		{12CD0390-C385-467F-80BF-21A61FB06217}.Release|Any CPU.ActiveCfg = Release|Any CPU
		{12CD0390-C385-467F-80BF-21A61FB06217}.Release|Any CPU.Build.0 = Release|Any CPU
		{5E2E5647-A428-4FB8-B650-29E7709466E1}.Debug|Any CPU.ActiveCfg = Debug|Any CPU
		{5E2E5647-A428-4FB8-B650-29E7709466E1}.Debug|Any CPU.Build.0 = Debug|Any CPU
		{5E2E5647-A428-4FB8-B650-29E7709466E1}.Release|Any CPU.ActiveCfg = Release|Any CPU
		{5E2E5647-A428-4FB8-B650-29E7709466E1}.Release|Any CPU.Build.0 = Release|Any CPU
		{01EE40D6-8642-4BD0-9E34-92DEC57C2007}.Debug|Any CPU.ActiveCfg = Debug|Any CPU
		{01EE40D6-8642-4BD0-9E34-92DEC57C2007}.Debug|Any CPU.Build.0 = Debug|Any CPU
		{01EE40D6-8642-4BD0-9E34-92DEC57C2007}.Release|Any CPU.ActiveCfg = Release|Any CPU
		{01EE40D6-8642-4BD0-9E34-92DEC57C2007}.Release|Any CPU.Build.0 = Release|Any CPU
	EndGlobalSection
	GlobalSection(SolutionProperties) = preSolution
		HideSolutionNode = FALSE
	EndGlobalSection
	GlobalSection(ExtensibilityGlobals) = postSolution
		SolutionGuid = {8CF64C1F-BF95-4617-ACD6-F3DC57FC5BFA}
	EndGlobalSection
EndGlobal
